
Microsoft Visual Studio Solution File, Format Version 12.00
# Visual Studio Version 17
VisualStudioVersion = 17.4.33110.190
MinimumVisualStudioVersion = 10.0.40219.1
Project("{FAE04EC0-301F-11D3-BF4B-00C04F79EFBC}") = "DemoProjectAspDotNetCoreWebAPI.API", "DemoProjectAspDotNetCoreWebAPI.API.csproj", "{19D5FA98-FA6E-44B3-A9AC-A4ED03FEC4DA}"
EndProject
Global
	GlobalSection(SolutionConfigurationPlatforms) = preSolution
		Debug|Any CPU = Debug|Any CPU
		Release|Any CPU = Release|Any CPU
	EndGlobalSection
	GlobalSection(ProjectConfigurationPlatforms) = postSolution
		{19D5FA98-FA6E-44B3-A9AC-A4ED03FEC4DA}.Debug|Any CPU.ActiveCfg = Debug|Any CPU
		{19D5FA98-FA6E-44B3-A9AC-A4ED03FEC4DA}.Debug|Any CPU.Build.0 = Debug|Any CPU
		{19D5FA98-FA6E-44B3-A9AC-A4ED03FEC4DA}.Release|Any CPU.ActiveCfg = Release|Any CPU
		{19D5FA98-FA6E-44B3-A9AC-A4ED03FEC4DA}.Release|Any CPU.Build.0 = Release|Any CPU
	EndGlobalSection
	GlobalSection(SolutionProperties) = preSolution
		HideSolutionNode = FALSE
	EndGlobalSection
	GlobalSection(ExtensibilityGlobals) = postSolution
		SolutionGuid = {46A94B80-7FE7-46D8-B412-08A612F5310C}
	EndGlobalSection
EndGlobal
